
Microsoft Visual Studio Solution File, Format Version 12.00
# Visual Studio Version 17
VisualStudioVersion = 17.13.35931.197
MinimumVisualStudioVersion = 10.0.40219.1
Project("{FAE04EC0-301F-11D3-BF4B-00C04F79EFBC}") = "GMLSSystem", "GMLSSystem.csproj", "{FE08489A-ABD0-4F47-837D-D910B6B0A3E3}"
EndProject
Project("{FAE04EC0-301F-11D3-BF4B-00C04F79EFBC}") = "GMLSSystem.Tests", "..\GMLSSystem.Tests\GMLSSystem.Tests.csproj", "{C7122A0A-2428-497B-AB81-0264544E9634}"
EndProject
Global
	GlobalSection(SolutionConfigurationPlatforms) = preSolution
		Debug|Any CPU = Debug|Any CPU
		Release|Any CPU = Release|Any CPU
	EndGlobalSection
	GlobalSection(ProjectConfigurationPlatforms) = postSolution
		{FE08489A-ABD0-4F47-837D-D910B6B0A3E3}.Debug|Any CPU.ActiveCfg = Debug|Any CPU
		{FE08489A-ABD0-4F47-837D-D910B6B0A3E3}.Debug|Any CPU.Build.0 = Debug|Any CPU
		{FE08489A-ABD0-4F47-837D-D910B6B0A3E3}.Release|Any CPU.ActiveCfg = Release|Any CPU
		{FE08489A-ABD0-4F47-837D-D910B6B0A3E3}.Release|Any CPU.Build.0 = Release|Any CPU
		{C7122A0A-2428-497B-AB81-0264544E9634}.Debug|Any CPU.ActiveCfg = Debug|Any CPU
		{C7122A0A-2428-497B-AB81-0264544E9634}.Debug|Any CPU.Build.0 = Debug|Any CPU
		{C7122A0A-2428-497B-AB81-0264544E9634}.Release|Any CPU.ActiveCfg = Release|Any CPU
		{C7122A0A-2428-497B-AB81-0264544E9634}.Release|Any CPU.Build.0 = Release|Any CPU
	EndGlobalSection
	GlobalSection(SolutionProperties) = preSolution
		HideSolutionNode = FALSE
	EndGlobalSection
	GlobalSection(ExtensibilityGlobals) = postSolution
		SolutionGuid = {92FE307E-533E-47E1-B8F5-F6E8A1BA7EBE}
	EndGlobalSection
EndGlobal
